// !$*UTF8*$!
{
	archiveVersion = 1;
	classes = {
	};
	objectVersion = 46;
	objects = {

/* Begin PBXBuildFile section */
		4E4AE3701F05567C001DEE13 /* AppDelegate.swift in Sources */ = {isa = PBXBuildFile; fileRef = 4E4AE36F1F05567C001DEE13 /* AppDelegate.swift */; };
		4E4AE3721F05567C001DEE13 /* ViewController.swift in Sources */ = {isa = PBXBuildFile; fileRef = 4E4AE3711F05567C001DEE13 /* ViewController.swift */; };
		4E4AE3751F05567C001DEE13 /* Main.storyboard in Resources */ = {isa = PBXBuildFile; fileRef = 4E4AE3731F05567C001DEE13 /* Main.storyboard */; };
		4E4AE3771F05567C001DEE13 /* Assets.xcassets in Resources */ = {isa = PBXBuildFile; fileRef = 4E4AE3761F05567C001DEE13 /* Assets.xcassets */; };
		4E4AE37A1F05567C001DEE13 /* LaunchScreen.storyboard in Resources */ = {isa = PBXBuildFile; fileRef = 4E4AE3781F05567C001DEE13 /* LaunchScreen.storyboard */; };
		4E4AE3831F05667C001DEE13 /* CalculatorModel.swift in Sources */ = {isa = PBXBuildFile; fileRef = 4E4AE3821F05667C001DEE13 /* CalculatorModel.swift */; };
/* End PBXBuildFile section */

/* Begin PBXFileReference section */
		4E4AE36C1F05567C001DEE13 /* Calculator.app */ = {isa = PBXFileReference; explicitFileType = wrapper.application; includeInIndex = 0; path = Calculator.app; sourceTree = BUILT_PRODUCTS_DIR; };
		4E4AE36F1F05567C001DEE13 /* AppDelegate.swift */ = {isa = PBXFileReference; lastKnownFileType = sourcecode.swift; path = AppDelegate.swift; sourceTree = "<group>"; };
		4E4AE3711F05567C001DEE13 /* ViewController.swift */ = {isa = PBXFileReference; lastKnownFileType = sourcecode.swift; path = ViewController.swift; sourceTree = "<group>"; };
		4E4AE3741F05567C001DEE13 /* Base */ = {isa = PBXFileReference; lastKnownFileType = file.storyboard; name = Base; path = Base.lproj/Main.storyboard; sourceTree = "<group>"; };
		4E4AE3761F05567C001DEE13 /* Assets.xcassets */ = {isa = PBXFileReference; lastKnownFileType = folder.assetcatalog; path = Assets.xcassets; sourceTree = "<group>"; };
		4E4AE3791F05567C001DEE13 /* Base */ = {isa = PBXFileReference; lastKnownFileType = file.storyboard; name = Base; path = Base.lproj/LaunchScreen.storyboard; sourceTree = "<group>"; };
		4E4AE37B1F05567C001DEE13 /* Info.plist */ = {isa = PBXFileReference; lastKnownFileType = text.plist.xml; path = Info.plist; sourceTree = "<group>"; };
		4E4AE3821F05667C001DEE13 /* CalculatorModel.swift */ = {isa = PBXFileReference; fileEncoding = 4; lastKnownFileType = sourcecode.swift; path = CalculatorModel.swift; sourceTree = "<group>"; };
/* End PBXFileReference section */

/* Begin PBXFrameworksBuildPhase section */
		4E4AE3691F05567C001DEE13 /* Frameworks */ = {
			isa = PBXFrameworksBuildPhase;
			buildActionMask = 2147483647;
			files = (
			);
			runOnlyForDeploymentPostprocessing = 0;
		};
/* End PBXFrameworksBuildPhase section */

/* Begin PBXGroup section */
		4E4AE3631F05567C001DEE13 = {
			isa = PBXGroup;
			children = (
				4E4AE36E1F05567C001DEE13 /* Calculator */,
				4E4AE36D1F05567C001DEE13 /* Products */,
			);
			sourceTree = "<group>";
		};
		4E4AE36D1F05567C001DEE13 /* Products */ = {
			isa = PBXGroup;
			children = (
				4E4AE36C1F05567C001DEE13 /* Calculator.app */,
			);
			name = Products;
			sourceTree = "<group>";
		};
		4E4AE36E1F05567C001DEE13 /* Calculator */ = {
			isa = PBXGroup;
			children = (
				4E4AE3811F0556A0001DEE13 /* Supporter files */,
				4E4AE3711F05567C001DEE13 /* ViewController.swift */,
				4E4AE3731F05567C001DEE13 /* Main.storyboard */,
				4E4AE3821F05667C001DEE13 /* CalculatorModel.swift */,
			);
			path = Calculator;
			sourceTree = "<group>";
		};
		4E4AE3811F0556A0001DEE13 /* Supporter files */ = {
			isa = PBXGroup;
			children = (
				4E4AE36F1F05567C001DEE13 /* AppDelegate.swift */,
				4E4AE3761F05567C001DEE13 /* Assets.xcassets */,
				4E4AE3781F05567C001DEE13 /* LaunchScreen.storyboard */,
				4E4AE37B1F05567C001DEE13 /* Info.plist */,
			);
			name = "Supporter files";
			sourceTree = "<group>";
		};
/* End PBXGroup section */

/* Begin PBXNativeTarget section */
		4E4AE36B1F05567C001DEE13 /* Calculator */ = {
			isa = PBXNativeTarget;
			buildConfigurationList = 4E4AE37E1F05567C001DEE13 /* Build configuration list for PBXNativeTarget "Calculator" */;
			buildPhases = (
				4E4AE3681F05567C001DEE13 /* Sources */,
				4E4AE3691F05567C001DEE13 /* Frameworks */,
				4E4AE36A1F05567C001DEE13 /* Resources */,
			);
			buildRules = (
			);
			dependencies = (
			);
			name = Calculator;
			productName = Calculator;
			productReference = 4E4AE36C1F05567C001DEE13 /* Calculator.app */;
			productType = "com.apple.product-type.application";
		};
/* End PBXNativeTarget section */

/* Begin PBXProject section */
		4E4AE3641F05567C001DEE13 /* Project object */ = {
			isa = PBXProject;
			attributes = {
				LastSwiftUpdateCheck = 0800;
				LastUpgradeCheck = 0800;
				ORGANIZATIONNAME = "Eris  Llangos";
				TargetAttributes = {
					4E4AE36B1F05567C001DEE13 = {
						CreatedOnToolsVersion = 8.0;
						DevelopmentTeam = PE5VAW9GEM;
						ProvisioningStyle = Automatic;
					};
				};
			};
			buildConfigurationList = 4E4AE3671F05567C001DEE13 /* Build configuration list for PBXProject "Calculator" */;
			compatibilityVersion = "Xcode 3.2";
			developmentRegion = English;
			hasScannedForEncodings = 0;
			knownRegions = (
				en,
				Base,
			);
			mainGroup = 4E4AE3631F05567C001DEE13;
			productRefGroup = 4E4AE36D1F05567C001DEE13 /* Products */;
			projectDirPath = "";
			projectRoot = "";
			targets = (
				4E4AE36B1F05567C001DEE13 /* Calculator */,
			);
		};
/* End PBXProject section */

/* Begin PBXResourcesBuildPhase section */
		4E4AE36A1F05567C001DEE13 /* Resources */ = {
			isa = PBXResourcesBuildPhase;
			buildActionMask = 2147483647;
			files = (
				4E4AE37A1F05567C001DEE13 /* LaunchScreen.storyboard in Resources */,
				4E4AE3771F05567C001DEE13 /* Assets.xcassets in Resources */,
				4E4AE3751F05567C001DEE13 /* Main.storyboard in Resources */,
			);
			runOnlyForDeploymentPostprocessing = 0;
		};
/* End PBXResourcesBuildPhase section */

/* Begin PBXSourcesBuildPhase section */
		4E4AE3681F05567C001DEE13 /* Sources */ = {
			isa = PBXSourcesBuildPhase;
			buildActionMask = 2147483647;
			files = (
				4E4AE3831F05667C001DEE13 /* CalculatorModel.swift in Sources */,
				4E4AE3721F05567C001DEE13 /* ViewController.swift in Sources */,
				4E4AE3701F05567C001DEE13 /* AppDelegate.swift in Sources */,
			);
			runOnlyForDeploymentPostprocessing = 0;
		};
/* End PBXSourcesBuildPhase section */

/* Begin PBXVariantGroup section */
		4E4AE3731F05567C001DEE13 /* Main.storyboard */ = {
			isa = PBXVariantGroup;
			children = (
				4E4AE3741F05567C001DEE13 /* Base */,
			);
			name = Main.storyboard;
			sourceTree = "<group>";
		};
		4E4AE3781F05567C001DEE13 /* LaunchScreen.storyboard */ = {
			isa = PBXVariantGroup;
			children = (
				4E4AE3791F05567C001DEE13 /* Base */,
			);
			name = LaunchScreen.storyboard;
			sourceTree = "<group>";
		};
/* End PBXVariantGroup section */

/* Begin XCBuildConfiguration section */
		4E4AE37C1F05567C001DEE13 /* Debug */ = {
			isa = XCBuildConfiguration;
			buildSettings = {
				ALWAYS_SEARCH_USER_PATHS = NO;
				CLANG_ANALYZER_NONNULL = YES;
				CLANG_CXX_LANGUAGE_STANDARD = "gnu++0x";
				CLANG_CXX_LIBRARY = "libc++";
				CLANG_ENABLE_MODULES = YES;
				CLANG_ENABLE_OBJC_ARC = YES;
				CLANG_WARN_BOOL_CONVERSION = YES;
				CLANG_WARN_CONSTANT_CONVERSION = YES;
				CLANG_WARN_DIRECT_OBJC_ISA_USAGE = YES_ERROR;
				CLANG_WARN_DOCUMENTATION_COMMENTS = YES;
				CLANG_WARN_EMPTY_BODY = YES;
				CLANG_WARN_ENUM_CONVERSION = YES;
				CLANG_WARN_INFINITE_RECURSION = YES;
				CLANG_WARN_INT_CONVERSION = YES;
				CLANG_WARN_OBJC_ROOT_CLASS = YES_ERROR;
				CLANG_WARN_SUSPICIOUS_MOVES = YES;
				CLANG_WARN_UNREACHABLE_CODE = YES;
				CLANG_WARN__DUPLICATE_METHOD_MATCH = YES;
				"CODE_SIGN_IDENTITY[sdk=iphoneos*]" = "iPhone Developer";
				COPY_PHASE_STRIP = NO;
				DEBUG_INFORMATION_FORMAT = dwarf;
				ENABLE_STRICT_OBJC_MSGSEND = YES;
				ENABLE_TESTABILITY = YES;
				GCC_C_LANGUAGE_STANDARD = gnu99;
				GCC_DYNAMIC_NO_PIC = NO;
				GCC_NO_COMMON_BLOCKS = YES;
				GCC_OPTIMIZATION_LEVEL = 0;
				GCC_PREPROCESSOR_DEFINITIONS = (
					"DEBUG=1",
					"$(inherited)",
				);
				GCC_WARN_64_TO_32_BIT_CONVERSION = YES;
				GCC_WARN_ABOUT_RETURN_TYPE = YES_ERROR;
				GCC_WARN_UNDECLARED_SELECTOR = YES;
				GCC_WARN_UNINITIALIZED_AUTOS = YES_AGGRESSIVE;
				GCC_WARN_UNUSED_FUNCTION = YES;
				GCC_WARN_UNUSED_VARIABLE = YES;
				IPHONEOS_DEPLOYMENT_TARGET = 10.0;
				MTL_ENABLE_DEBUG_INFO = YES;
				ONLY_ACTIVE_ARCH = YES;
				SDKROOT = iphoneos;
				SWIFT_ACTIVE_COMPILATION_CONDITIONS = DEBUG;
				SWIFT_OPTIMIZATION_LEVEL = "-Onone";
				TARGETED_DEVICE_FAMILY = "1,2";
			};
			name = Debug;
		};
		4E4AE37D1F05567C001DEE13 /* Release */ = {
			isa = XCBuildConfiguration;
			buildSettings = {
				ALWAYS_SEARCH_USER_PATHS = NO;
				CLANG_ANALYZER_NONNULL = YES;
				CLANG_CXX_LANGUAGE_STANDARD = "gnu++0x";
				CLANG_CXX_LIBRARY = "libc++";
				CLANG_ENABLE_MODULES = YES;
				CLANG_ENABLE_OBJC_ARC = YES;
				CLANG_WARN_BOOL_CONVERSION = YES;
				CLANG_WARN_CONSTANT_CONVERSION = YES;
				CLANG_WARN_DIRECT_OBJC_ISA_USAGE = YES_ERROR;
				CLANG_WARN_DOCUMENTATION_COMMENTS = YES;
				CLANG_WARN_EMPTY_BODY = YES;
				CLANG_WARN_ENUM_CONVERSION = YES;
				CLANG_WARN_INFINITE_RECURSION = YES;
				CLANG_WARN_INT_CONVERSION = YES;
				CLANG_WARN_OBJC_ROOT_CLASS = YES_ERROR;
				CLANG_WARN_SUSPICIOUS_MOVES = YES;
				CLANG_WARN_UNREACHABLE_CODE = YES;
				CLANG_WARN__DUPLICATE_METHOD_MATCH = YES;
				"CODE_SIGN_IDENTITY[sdk=iphoneos*]" = "iPhone Developer";
				COPY_PHASE_STRIP = NO;
				DEBUG_INFORMATION_FORMAT = "dwarf-with-dsym";
				ENABLE_NS_ASSERTIONS = NO;
				ENABLE_STRICT_OBJC_MSGSEND = YES;
				GCC_C_LANGUAGE_STANDARD = gnu99;
				GCC_NO_COMMON_BLOCKS = YES;
				GCC_WARN_64_TO_32_BIT_CONVERSION = YES;
				GCC_WARN_ABOUT_RETURN_TYPE = YES_ERROR;
				GCC_WARN_UNDECLARED_SELECTOR = YES;
				GCC_WARN_UNINITIALIZED_AUTOS = YES_AGGRESSIVE;
				GCC_WARN_UNUSED_FUNCTION = YES;
				GCC_WARN_UNUSED_VARIABLE = YES;
				IPHONEOS_DEPLOYMENT_TARGET = 10.0;
				MTL_ENABLE_DEBUG_INFO = NO;
				SDKROOT = iphoneos;
				SWIFT_OPTIMIZATION_LEVEL = "-Owholemodule";
				TARGETED_DEVICE_FAMILY = "1,2";
				VALIDATE_PRODUCT = YES;
			};
			name = Release;
		};
		4E4AE37F1F05567C001DEE13 /* Debug */ = {
			isa = XCBuildConfiguration;
			buildSettings = {
				ASSETCATALOG_COMPILER_APPICON_NAME = AppIcon;
				DEVELOPMENT_TEAM = PE5VAW9GEM;
				INFOPLIST_FILE = Calculator/Info.plist;
				LD_RUNPATH_SEARCH_PATHS = "$(inherited) @executable_path/Frameworks";
				PRODUCT_BUNDLE_IDENTIFIER = "Eris-Calculator.Calculator";
				PRODUCT_NAME = "$(TARGET_NAME)";
				SWIFT_VERSION = 3.0;
			};
			name = Debug;
		};
		4E4AE3801F05567C001DEE13 /* Release */ = {
			isa = XCBuildConfiguration;
			buildSettings = {
				ASSETCATALOG_COMPILER_APPICON_NAME = AppIcon;
				DEVELOPMENT_TEAM = PE5VAW9GEM;
				INFOPLIST_FILE = Calculator/Info.plist;
				LD_RUNPATH_SEARCH_PATHS = "$(inherited) @executable_path/Frameworks";
				PRODUCT_BUNDLE_IDENTIFIER = "Eris-Calculator.Calculator";
				PRODUCT_NAME = "$(TARGET_NAME)";
				SWIFT_VERSION = 3.0;
			};
			name = Release;
		};
/* End XCBuildConfiguration section */

/* Begin XCConfigurationList section */
		4E4AE3671F05567C001DEE13 /* Build configuration list for PBXProject "Calculator" */ = {
			isa = XCConfigurationList;
			buildConfigurations = (
				4E4AE37C1F05567C001DEE13 /* Debug */,
				4E4AE37D1F05567C001DEE13 /* Release */,
			);
			defaultConfigurationIsVisible = 0;
			defaultConfigurationName = Release;
		};
		4E4AE37E1F05567C001DEE13 /* Build configuration list for PBXNativeTarget "Calculator" */ = {
			isa = XCConfigurationList;
			buildConfigurations = (
				4E4AE37F1F05567C001DEE13 /* Debug */,
				4E4AE3801F05567C001DEE13 /* Release */,
			);
			defaultConfigurationIsVisible = 0;
		};
/* End XCConfigurationList section */
	};
	rootObject = 4E4AE3641F05567C001DEE13 /* Project object */;
}
